
Microsoft Visual Studio Solution File, Format Version 12.00
# Visual Studio 14
VisualStudioVersion = 14.0.25123.0
MinimumVisualStudioVersion = 10.0.40219.1
Project("{FAE04EC0-301F-11D3-BF4B-00C04F79EFBC}") = "BloomService.Web", "BloomService.Web\BloomService.Web.csproj", "{DA6EE7D1-A7AC-4398-8B2C-3E5FA843EC77}"
EndProject
Project("{FAE04EC0-301F-11D3-BF4B-00C04F79EFBC}") = "Sage.WebApi", "BloomService.Sage.WebApi\Sage.WebApi.csproj", "{507FF982-C1D8-451D-9DE4-AA71D83BE70C}"
EndProject
Project("{FAE04EC0-301F-11D3-BF4B-00C04F79EFBC}") = "BloomService.Domain", "BloomService.Domain\BloomService.Domain.csproj", "{C864FA21-C500-4D98-9009-9A6F88709F8C}"
EndProject
Project("{FAE04EC0-301F-11D3-BF4B-00C04F79EFBC}") = "BloomService.Migrations", "BloomService.Migrations\BloomService.Migrations.csproj", "{C626F4E7-202F-4CED-88D9-F1628971A836}"
EndProject
Global
	GlobalSection(SolutionConfigurationPlatforms) = preSolution
		Beta|Any CPU = Beta|Any CPU
		Debug|Any CPU = Debug|Any CPU
		Release|Any CPU = Release|Any CPU
	EndGlobalSection
	GlobalSection(ProjectConfigurationPlatforms) = postSolution
		{DA6EE7D1-A7AC-4398-8B2C-3E5FA843EC77}.Beta|Any CPU.ActiveCfg = Beta|Any CPU
		{DA6EE7D1-A7AC-4398-8B2C-3E5FA843EC77}.Beta|Any CPU.Build.0 = Beta|Any CPU
		{DA6EE7D1-A7AC-4398-8B2C-3E5FA843EC77}.Debug|Any CPU.ActiveCfg = Debug|Any CPU
		{DA6EE7D1-A7AC-4398-8B2C-3E5FA843EC77}.Debug|Any CPU.Build.0 = Debug|Any CPU
		{DA6EE7D1-A7AC-4398-8B2C-3E5FA843EC77}.Release|Any CPU.ActiveCfg = Release|Any CPU
		{DA6EE7D1-A7AC-4398-8B2C-3E5FA843EC77}.Release|Any CPU.Build.0 = Release|Any CPU
		{507FF982-C1D8-451D-9DE4-AA71D83BE70C}.Beta|Any CPU.ActiveCfg = Beta|Any CPU
		{507FF982-C1D8-451D-9DE4-AA71D83BE70C}.Beta|Any CPU.Build.0 = Beta|Any CPU
		{507FF982-C1D8-451D-9DE4-AA71D83BE70C}.Debug|Any CPU.ActiveCfg = Debug|Any CPU
		{507FF982-C1D8-451D-9DE4-AA71D83BE70C}.Debug|Any CPU.Build.0 = Debug|Any CPU
		{507FF982-C1D8-451D-9DE4-AA71D83BE70C}.Release|Any CPU.ActiveCfg = Release|Any CPU
		{507FF982-C1D8-451D-9DE4-AA71D83BE70C}.Release|Any CPU.Build.0 = Release|Any CPU
		{C864FA21-C500-4D98-9009-9A6F88709F8C}.Beta|Any CPU.ActiveCfg = Beta|Any CPU
		{C864FA21-C500-4D98-9009-9A6F88709F8C}.Beta|Any CPU.Build.0 = Beta|Any CPU
		{C864FA21-C500-4D98-9009-9A6F88709F8C}.Debug|Any CPU.ActiveCfg = Debug|Any CPU
		{C864FA21-C500-4D98-9009-9A6F88709F8C}.Debug|Any CPU.Build.0 = Debug|Any CPU
		{C864FA21-C500-4D98-9009-9A6F88709F8C}.Release|Any CPU.ActiveCfg = Release|Any CPU
		{C864FA21-C500-4D98-9009-9A6F88709F8C}.Release|Any CPU.Build.0 = Release|Any CPU
		{C626F4E7-202F-4CED-88D9-F1628971A836}.Beta|Any CPU.ActiveCfg = Beta|Any CPU
		{C626F4E7-202F-4CED-88D9-F1628971A836}.Beta|Any CPU.Build.0 = Beta|Any CPU
		{C626F4E7-202F-4CED-88D9-F1628971A836}.Debug|Any CPU.ActiveCfg = Debug|Any CPU
		{C626F4E7-202F-4CED-88D9-F1628971A836}.Debug|Any CPU.Build.0 = Debug|Any CPU
		{C626F4E7-202F-4CED-88D9-F1628971A836}.Release|Any CPU.ActiveCfg = Release|Any CPU
		{C626F4E7-202F-4CED-88D9-F1628971A836}.Release|Any CPU.Build.0 = Release|Any CPU
	EndGlobalSection
	GlobalSection(SolutionProperties) = preSolution
		HideSolutionNode = FALSE
	EndGlobalSection
EndGlobal
